
Microsoft Visual Studio Solution File, Format Version 12.00
# Visual Studio Version 17
VisualStudioVersion = 17.5.33530.505
MinimumVisualStudioVersion = 10.0.40219.1
Project("{9A19103F-16F7-4668-BE54-9A1E7A4F7556}") = "Api", "Api\Api.csproj", "{8099EEB9-A340-4D5B-A85F-A4A1918F17AA}"
EndProject
Project("{2150E333-8FDC-42A3-9474-1A3956D46DE8}") = "Aplicaciones", "Aplicaciones", "{E838A59E-C8B3-4323-9239-F62AE416DC6B}"
EndProject
Project("{2150E333-8FDC-42A3-9474-1A3956D46DE8}") = "Dominio", "Dominio", "{E9692844-74E7-434D-B7E6-863DFC2A575C}"
EndProject
Project("{2150E333-8FDC-42A3-9474-1A3956D46DE8}") = "InfraEstructura", "InfraEstructura", "{B1593E42-0E80-4FF2-9F53-B8D1BA69007A}"
EndProject
Project("{9A19103F-16F7-4668-BE54-9A1E7A4F7556}") = "Dominio", "Dominio\Dominio.csproj", "{FCB31668-DE53-4374-B602-477766ED877D}"
EndProject
Project("{9A19103F-16F7-4668-BE54-9A1E7A4F7556}") = "Datos", "Datos\Datos.csproj", "{6B707C8F-F001-4311-AA01-66B102D4BB9E}"
EndProject
Project("{9A19103F-16F7-4668-BE54-9A1E7A4F7556}") = "DTO", "DTO\DTO.csproj", "{B905A5B1-9EA7-49FB-B73F-6D13220E2543}"
EndProject
Project("{9A19103F-16F7-4668-BE54-9A1E7A4F7556}") = "Aplicacion", "Aplicacion\Aplicacion.csproj", "{E3970F56-0C1D-4356-935A-D1860427563A}"
EndProject
Project("{2150E333-8FDC-42A3-9474-1A3956D46DE8}") = "Dominio.testUnit", "Dominio.testUnit", "{4D5E55E9-AE9C-4BA0-B46B-D17B62E4A7CE}"
EndProject
Project("{9A19103F-16F7-4668-BE54-9A1E7A4F7556}") = "DomaintestUnit", "DomaintestUnit\DomaintestUnit.csproj", "{6C16E0C3-9CAB-4B34-8B6F-62AA641CCC4E}"
EndProject
Project("{2150E333-8FDC-42A3-9474-1A3956D46DE8}") = "Elementos de la solución", "Elementos de la solución", "{9C39613B-B593-4E0A-AC4E-6CD425B108D4}"
	ProjectSection(SolutionItems) = preProject
		Dockerfile = Dockerfile
	EndProjectSection
EndProject
Global
	GlobalSection(SolutionConfigurationPlatforms) = preSolution
		Debug|Any CPU = Debug|Any CPU
		Release|Any CPU = Release|Any CPU
	EndGlobalSection
	GlobalSection(ProjectConfigurationPlatforms) = postSolution
		{8099EEB9-A340-4D5B-A85F-A4A1918F17AA}.Debug|Any CPU.ActiveCfg = Debug|Any CPU
		{8099EEB9-A340-4D5B-A85F-A4A1918F17AA}.Debug|Any CPU.Build.0 = Debug|Any CPU
		{8099EEB9-A340-4D5B-A85F-A4A1918F17AA}.Release|Any CPU.ActiveCfg = Release|Any CPU
		{8099EEB9-A340-4D5B-A85F-A4A1918F17AA}.Release|Any CPU.Build.0 = Release|Any CPU
		{FCB31668-DE53-4374-B602-477766ED877D}.Debug|Any CPU.ActiveCfg = Debug|Any CPU
		{FCB31668-DE53-4374-B602-477766ED877D}.Debug|Any CPU.Build.0 = Debug|Any CPU
		{FCB31668-DE53-4374-B602-477766ED877D}.Release|Any CPU.ActiveCfg = Release|Any CPU
		{FCB31668-DE53-4374-B602-477766ED877D}.Release|Any CPU.Build.0 = Release|Any CPU
		{6B707C8F-F001-4311-AA01-66B102D4BB9E}.Debug|Any CPU.ActiveCfg = Debug|Any CPU
		{6B707C8F-F001-4311-AA01-66B102D4BB9E}.Debug|Any CPU.Build.0 = Debug|Any CPU
		{6B707C8F-F001-4311-AA01-66B102D4BB9E}.Release|Any CPU.ActiveCfg = Release|Any CPU
		{6B707C8F-F001-4311-AA01-66B102D4BB9E}.Release|Any CPU.Build.0 = Release|Any CPU
		{B905A5B1-9EA7-49FB-B73F-6D13220E2543}.Debug|Any CPU.ActiveCfg = Debug|Any CPU
		{B905A5B1-9EA7-49FB-B73F-6D13220E2543}.Debug|Any CPU.Build.0 = Debug|Any CPU
		{B905A5B1-9EA7-49FB-B73F-6D13220E2543}.Release|Any CPU.ActiveCfg = Release|Any CPU
		{B905A5B1-9EA7-49FB-B73F-6D13220E2543}.Release|Any CPU.Build.0 = Release|Any CPU
		{E3970F56-0C1D-4356-935A-D1860427563A}.Debug|Any CPU.ActiveCfg = Debug|Any CPU
		{E3970F56-0C1D-4356-935A-D1860427563A}.Debug|Any CPU.Build.0 = Debug|Any CPU
		{E3970F56-0C1D-4356-935A-D1860427563A}.Release|Any CPU.ActiveCfg = Release|Any CPU
		{E3970F56-0C1D-4356-935A-D1860427563A}.Release|Any CPU.Build.0 = Release|Any CPU
		{6C16E0C3-9CAB-4B34-8B6F-62AA641CCC4E}.Debug|Any CPU.ActiveCfg = Debug|Any CPU
		{6C16E0C3-9CAB-4B34-8B6F-62AA641CCC4E}.Debug|Any CPU.Build.0 = Debug|Any CPU
		{6C16E0C3-9CAB-4B34-8B6F-62AA641CCC4E}.Release|Any CPU.ActiveCfg = Release|Any CPU
		{6C16E0C3-9CAB-4B34-8B6F-62AA641CCC4E}.Release|Any CPU.Build.0 = Release|Any CPU
	EndGlobalSection
	GlobalSection(SolutionProperties) = preSolution
		HideSolutionNode = FALSE
	EndGlobalSection
	GlobalSection(NestedProjects) = preSolution
		{8099EEB9-A340-4D5B-A85F-A4A1918F17AA} = {B1593E42-0E80-4FF2-9F53-B8D1BA69007A}
		{FCB31668-DE53-4374-B602-477766ED877D} = {E9692844-74E7-434D-B7E6-863DFC2A575C}
		{6B707C8F-F001-4311-AA01-66B102D4BB9E} = {B1593E42-0E80-4FF2-9F53-B8D1BA69007A}
		{B905A5B1-9EA7-49FB-B73F-6D13220E2543} = {B1593E42-0E80-4FF2-9F53-B8D1BA69007A}
		{E3970F56-0C1D-4356-935A-D1860427563A} = {E838A59E-C8B3-4323-9239-F62AE416DC6B}
		{6C16E0C3-9CAB-4B34-8B6F-62AA641CCC4E} = {4D5E55E9-AE9C-4BA0-B46B-D17B62E4A7CE}
	EndGlobalSection
	GlobalSection(ExtensibilityGlobals) = postSolution
		SolutionGuid = {BFBE97CC-2D33-4EB7-8A0F-A080590F378E}
	EndGlobalSection
EndGlobal
